
Microsoft Visual Studio Solution File, Format Version 12.00
# Visual Studio 15
VisualStudioVersion = 15.0.28307.329
MinimumVisualStudioVersion = 10.0.40219.1
Project("{FAE04EC0-301F-11D3-BF4B-00C04F79EFBC}") = "RecipeApi", "RecipeApi\RecipeApi.csproj", "{967E68C3-0F23-4C66-B988-7105D0394822}"
EndProject
Global
	GlobalSection(SolutionConfigurationPlatforms) = preSolution
		Debug|Any CPU = Debug|Any CPU
		Release|Any CPU = Release|Any CPU
	EndGlobalSection
	GlobalSection(ProjectConfigurationPlatforms) = postSolution
		{967E68C3-0F23-4C66-B988-7105D0394822}.Debug|Any CPU.ActiveCfg = Debug|Any CPU
		{967E68C3-0F23-4C66-B988-7105D0394822}.Debug|Any CPU.Build.0 = Debug|Any CPU
		{967E68C3-0F23-4C66-B988-7105D0394822}.Release|Any CPU.ActiveCfg = Release|Any CPU
		{967E68C3-0F23-4C66-B988-7105D0394822}.Release|Any CPU.Build.0 = Release|Any CPU
	EndGlobalSection
	GlobalSection(SolutionProperties) = preSolution
		HideSolutionNode = FALSE
	EndGlobalSection
	GlobalSection(ExtensibilityGlobals) = postSolution
		SolutionGuid = {E1C196BF-CFB0-44CF-801A-55F32F62ACEC}
	EndGlobalSection
EndGlobal
